
Microsoft Visual Studio Solution File, Format Version 12.00
# Visual Studio 15
VisualStudioVersion = 15.0.28307.757
MinimumVisualStudioVersion = 10.0.40219.1
Project("{9A19103F-16F7-4668-BE54-9A1E7A4F7556}") = "sampleAspNetReporting", "Reporting_How-To-Add-WebDocumentViewer-To-AspNetCoreProj\sampleAspNetReporting.csproj", "{FDD3B332-E4A1-4588-8D4E-21CFB0189762}"
EndProject
Global
	GlobalSection(SolutionConfigurationPlatforms) = preSolution
		Debug|Any CPU = Debug|Any CPU
		Release|Any CPU = Release|Any CPU
	EndGlobalSection
	GlobalSection(ProjectConfigurationPlatforms) = postSolution
		{FDD3B332-E4A1-4588-8D4E-21CFB0189762}.Debug|Any CPU.ActiveCfg = Debug|Any CPU
		{FDD3B332-E4A1-4588-8D4E-21CFB0189762}.Debug|Any CPU.Build.0 = Debug|Any CPU
		{FDD3B332-E4A1-4588-8D4E-21CFB0189762}.Release|Any CPU.ActiveCfg = Release|Any CPU
		{FDD3B332-E4A1-4588-8D4E-21CFB0189762}.Release|Any CPU.Build.0 = Release|Any CPU
		EndGlobalSection
	GlobalSection(SolutionProperties) = preSolution
		HideSolutionNode = FALSE
	EndGlobalSection
	GlobalSection(ExtensibilityGlobals) = postSolution
		SolutionGuid = {B45C92DB-902E-413A-9938-C0CAF8A2D81D}
	EndGlobalSection
EndGlobal
